
Microsoft Visual Studio Solution File, Format Version 12.00
# Visual Studio Version 16
VisualStudioVersion = 16.0.31702.278
MinimumVisualStudioVersion = 10.0.40219.1
Project("{9A19103F-16F7-4668-BE54-9A1E7A4F7556}") = "ContactReportApp", "ContactReportApp\ContactReportApp.csproj", "{E9F3685B-BEBC-4CEA-8BC1-2BB2968F4F8F}"
EndProject
Project("{9A19103F-16F7-4668-BE54-9A1E7A4F7556}") = "ContactReportApp.ContactApi", "ContactReportApp.ContactApi\ContactReportApp.ContactApi.csproj", "{F3A3677D-CA65-478B-B1B1-4E0A51DB2392}"
EndProject
Project("{9A19103F-16F7-4668-BE54-9A1E7A4F7556}") = "ContactReportApp.Tests", "ContactReportApp.Tests\ContactReportApp.Tests.csproj", "{55AC8E5D-89C0-4DE2-9A3A-3EAC3F4A6C3D}"
EndProject
Project("{FAE04EC0-301F-11D3-BF4B-00C04F79EFBC}") = "ContactReportApp.ReportApi", "ContactReportApp.ReportApi\ContactReportApp.ReportApi.csproj", "{3C5B2337-8EE9-48D1-AEF3-FF29A9F6C9A4}"
EndProject
Global
	GlobalSection(SolutionConfigurationPlatforms) = preSolution
		Debug|Any CPU = Debug|Any CPU
		Release|Any CPU = Release|Any CPU
	EndGlobalSection
	GlobalSection(ProjectConfigurationPlatforms) = postSolution
		{E9F3685B-BEBC-4CEA-8BC1-2BB2968F4F8F}.Debug|Any CPU.ActiveCfg = Debug|Any CPU
		{E9F3685B-BEBC-4CEA-8BC1-2BB2968F4F8F}.Debug|Any CPU.Build.0 = Debug|Any CPU
		{E9F3685B-BEBC-4CEA-8BC1-2BB2968F4F8F}.Release|Any CPU.ActiveCfg = Release|Any CPU
		{E9F3685B-BEBC-4CEA-8BC1-2BB2968F4F8F}.Release|Any CPU.Build.0 = Release|Any CPU
		{F3A3677D-CA65-478B-B1B1-4E0A51DB2392}.Debug|Any CPU.ActiveCfg = Debug|Any CPU
		{F3A3677D-CA65-478B-B1B1-4E0A51DB2392}.Debug|Any CPU.Build.0 = Debug|Any CPU
		{F3A3677D-CA65-478B-B1B1-4E0A51DB2392}.Release|Any CPU.ActiveCfg = Release|Any CPU
		{F3A3677D-CA65-478B-B1B1-4E0A51DB2392}.Release|Any CPU.Build.0 = Release|Any CPU
		{55AC8E5D-89C0-4DE2-9A3A-3EAC3F4A6C3D}.Debug|Any CPU.ActiveCfg = Debug|Any CPU
		{55AC8E5D-89C0-4DE2-9A3A-3EAC3F4A6C3D}.Debug|Any CPU.Build.0 = Debug|Any CPU
		{55AC8E5D-89C0-4DE2-9A3A-3EAC3F4A6C3D}.Release|Any CPU.ActiveCfg = Release|Any CPU
		{55AC8E5D-89C0-4DE2-9A3A-3EAC3F4A6C3D}.Release|Any CPU.Build.0 = Release|Any CPU
		{3C5B2337-8EE9-48D1-AEF3-FF29A9F6C9A4}.Debug|Any CPU.ActiveCfg = Debug|Any CPU
		{3C5B2337-8EE9-48D1-AEF3-FF29A9F6C9A4}.Debug|Any CPU.Build.0 = Debug|Any CPU
		{3C5B2337-8EE9-48D1-AEF3-FF29A9F6C9A4}.Release|Any CPU.ActiveCfg = Release|Any CPU
		{3C5B2337-8EE9-48D1-AEF3-FF29A9F6C9A4}.Release|Any CPU.Build.0 = Release|Any CPU
	EndGlobalSection
	GlobalSection(SolutionProperties) = preSolution
		HideSolutionNode = FALSE
	EndGlobalSection
	GlobalSection(ExtensibilityGlobals) = postSolution
		SolutionGuid = {1E11DC2B-B111-4748-A6B5-53F2F450BA59}
	EndGlobalSection
EndGlobal
